// !$*UTF8*$!
{
	archiveVersion = 1;
	classes = {
	};
	objectVersion = 56;
	objects = {

/* Begin PBXBuildFile section */
		F69C97B62C2DB6EB0039E698 /* WeatherApp.swift in Sources */ = {isa = PBXBuildFile; fileRef = F69C97B52C2DB6EB0039E698 /* WeatherApp.swift */; };
		F69C97B82C2DB6EB0039E698 /* HomeView.swift in Sources */ = {isa = PBXBuildFile; fileRef = F69C97B72C2DB6EB0039E698 /* HomeView.swift */; };
		F69C97BA2C2DB6EF0039E698 /* Assets.xcassets in Resources */ = {isa = PBXBuildFile; fileRef = F69C97B92C2DB6EF0039E698 /* Assets.xcassets */; };
		F69C97BD2C2DB6EF0039E698 /* Preview Assets.xcassets in Resources */ = {isa = PBXBuildFile; fileRef = F69C97BC2C2DB6EF0039E698 /* Preview Assets.xcassets */; };
		F69C97CE2C2DBB930039E698 /* AppConstants.swift in Sources */ = {isa = PBXBuildFile; fileRef = F69C97CD2C2DBB930039E698 /* AppConstants.swift */; };
		F69C97D02C2DC6C80039E698 /* CurrentWeatherModel.swift in Sources */ = {isa = PBXBuildFile; fileRef = F69C97CF2C2DC6C80039E698 /* CurrentWeatherModel.swift */; };
		F69C97D32C2DCFB30039E698 /* WeatherDataSourceProtocol.swift in Sources */ = {isa = PBXBuildFile; fileRef = F69C97D22C2DCFB30039E698 /* WeatherDataSourceProtocol.swift */; };
		F69C97D52C2DCFBC0039E698 /* WeatherDataSource.swift in Sources */ = {isa = PBXBuildFile; fileRef = F69C97D42C2DCFBC0039E698 /* WeatherDataSource.swift */; };
		F69C97D82C2DCFD00039E698 /* WeatherRepositoryProtocol.swift in Sources */ = {isa = PBXBuildFile; fileRef = F69C97D72C2DCFD00039E698 /* WeatherRepositoryProtocol.swift */; };
		F69C97DA2C2DCFDA0039E698 /* WeatherRepository.swift in Sources */ = {isa = PBXBuildFile; fileRef = F69C97D92C2DCFDA0039E698 /* WeatherRepository.swift */; };
		F69C97DC2C2DCFEE0039E698 /* RequestManager.swift in Sources */ = {isa = PBXBuildFile; fileRef = F69C97DB2C2DCFEE0039E698 /* RequestManager.swift */; };
		F69C97DE2C2E26580039E698 /* WeatherViewModel.swift in Sources */ = {isa = PBXBuildFile; fileRef = F69C97DD2C2E26580039E698 /* WeatherViewModel.swift */; };
		F69C97E02C2E275F0039E698 /* LocationModel.swift in Sources */ = {isa = PBXBuildFile; fileRef = F69C97DF2C2E275F0039E698 /* LocationModel.swift */; };
		F69C97E22C2EC96D0039E698 /* Color+Extension.swift in Sources */ = {isa = PBXBuildFile; fileRef = F69C97E12C2EC96C0039E698 /* Color+Extension.swift */; };
		F69C97E42C2ECAA80039E698 /* WeatherFeatureView.swift in Sources */ = {isa = PBXBuildFile; fileRef = F69C97E32C2ECAA80039E698 /* WeatherFeatureView.swift */; };
		F69C97E62C2ED84E0039E698 /* WeatherBaseModel.swift in Sources */ = {isa = PBXBuildFile; fileRef = F69C97E52C2ED84E0039E698 /* WeatherBaseModel.swift */; };
		F69C97E82C2EE7AC0039E698 /* AppUtility.swift in Sources */ = {isa = PBXBuildFile; fileRef = F69C97E72C2EE7AC0039E698 /* AppUtility.swift */; };
		F69C97EA2C2F024E0039E698 /* AppState.swift in Sources */ = {isa = PBXBuildFile; fileRef = F69C97E92C2F024D0039E698 /* AppState.swift */; };
		F69C97EC2C2F30C10039E698 /* String+Extension.swift in Sources */ = {isa = PBXBuildFile; fileRef = F69C97EB2C2F30C10039E698 /* String+Extension.swift */; };
		F69C97EE2C2F30E90039E698 /* CardView.swift in Sources */ = {isa = PBXBuildFile; fileRef = F69C97ED2C2F30E90039E698 /* CardView.swift */; };
		F69C97F02C2F31630039E698 /* QuickGlanceView.swift in Sources */ = {isa = PBXBuildFile; fileRef = F69C97EF2C2F31630039E698 /* QuickGlanceView.swift */; };
		F69C97F32C2F3EF00039E698 /* SVProgressHUD in Frameworks */ = {isa = PBXBuildFile; productRef = F69C97F22C2F3EF00039E698 /* SVProgressHUD */; };
		F69C97FB2C2F471C0039E698 /* AtmosphereDetailsView.swift in Sources */ = {isa = PBXBuildFile; fileRef = F69C97FA2C2F471C0039E698 /* AtmosphereDetailsView.swift */; };
		F69C97FD2C2F476C0039E698 /* ListView.swift in Sources */ = {isa = PBXBuildFile; fileRef = F69C97FC2C2F476C0039E698 /* ListView.swift */; };
		F69C98072C2F537D0039E698 /* Alamofire in Frameworks */ = {isa = PBXBuildFile; productRef = F69C98062C2F537D0039E698 /* Alamofire */; };
/* End PBXBuildFile section */

/* Begin PBXFileReference section */
		F69C97B22C2DB6EB0039E698 /* Weather.app */ = {isa = PBXFileReference; explicitFileType = wrapper.application; includeInIndex = 0; path = Weather.app; sourceTree = BUILT_PRODUCTS_DIR; };
		F69C97B52C2DB6EB0039E698 /* WeatherApp.swift */ = {isa = PBXFileReference; lastKnownFileType = sourcecode.swift; path = WeatherApp.swift; sourceTree = "<group>"; };
		F69C97B72C2DB6EB0039E698 /* HomeView.swift */ = {isa = PBXFileReference; lastKnownFileType = sourcecode.swift; path = HomeView.swift; sourceTree = "<group>"; };
		F69C97B92C2DB6EF0039E698 /* Assets.xcassets */ = {isa = PBXFileReference; lastKnownFileType = folder.assetcatalog; path = Assets.xcassets; sourceTree = "<group>"; };
		F69C97BC2C2DB6EF0039E698 /* Preview Assets.xcassets */ = {isa = PBXFileReference; lastKnownFileType = folder.assetcatalog; path = "Preview Assets.xcassets"; sourceTree = "<group>"; };
		F69C97CD2C2DBB930039E698 /* AppConstants.swift */ = {isa = PBXFileReference; lastKnownFileType = sourcecode.swift; path = AppConstants.swift; sourceTree = "<group>"; };
		F69C97CF2C2DC6C80039E698 /* CurrentWeatherModel.swift */ = {isa = PBXFileReference; lastKnownFileType = sourcecode.swift; path = CurrentWeatherModel.swift; sourceTree = "<group>"; };
		F69C97D22C2DCFB30039E698 /* WeatherDataSourceProtocol.swift */ = {isa = PBXFileReference; lastKnownFileType = sourcecode.swift; path = WeatherDataSourceProtocol.swift; sourceTree = "<group>"; };
		F69C97D42C2DCFBC0039E698 /* WeatherDataSource.swift */ = {isa = PBXFileReference; lastKnownFileType = sourcecode.swift; path = WeatherDataSource.swift; sourceTree = "<group>"; };
		F69C97D72C2DCFD00039E698 /* WeatherRepositoryProtocol.swift */ = {isa = PBXFileReference; lastKnownFileType = sourcecode.swift; path = WeatherRepositoryProtocol.swift; sourceTree = "<group>"; };
		F69C97D92C2DCFDA0039E698 /* WeatherRepository.swift */ = {isa = PBXFileReference; lastKnownFileType = sourcecode.swift; path = WeatherRepository.swift; sourceTree = "<group>"; };
		F69C97DB2C2DCFEE0039E698 /* RequestManager.swift */ = {isa = PBXFileReference; lastKnownFileType = sourcecode.swift; path = RequestManager.swift; sourceTree = "<group>"; };
		F69C97DD2C2E26580039E698 /* WeatherViewModel.swift */ = {isa = PBXFileReference; lastKnownFileType = sourcecode.swift; path = WeatherViewModel.swift; sourceTree = "<group>"; };
		F69C97DF2C2E275F0039E698 /* LocationModel.swift */ = {isa = PBXFileReference; lastKnownFileType = sourcecode.swift; path = LocationModel.swift; sourceTree = "<group>"; };
		F69C97E12C2EC96C0039E698 /* Color+Extension.swift */ = {isa = PBXFileReference; lastKnownFileType = sourcecode.swift; path = "Color+Extension.swift"; sourceTree = "<group>"; };
		F69C97E32C2ECAA80039E698 /* WeatherFeatureView.swift */ = {isa = PBXFileReference; lastKnownFileType = sourcecode.swift; path = WeatherFeatureView.swift; sourceTree = "<group>"; };
		F69C97E52C2ED84E0039E698 /* WeatherBaseModel.swift */ = {isa = PBXFileReference; lastKnownFileType = sourcecode.swift; path = WeatherBaseModel.swift; sourceTree = "<group>"; };
		F69C97E72C2EE7AC0039E698 /* AppUtility.swift */ = {isa = PBXFileReference; lastKnownFileType = sourcecode.swift; path = AppUtility.swift; sourceTree = "<group>"; };
		F69C97E92C2F024D0039E698 /* AppState.swift */ = {isa = PBXFileReference; lastKnownFileType = sourcecode.swift; path = AppState.swift; sourceTree = "<group>"; };
		F69C97EB2C2F30C10039E698 /* String+Extension.swift */ = {isa = PBXFileReference; lastKnownFileType = sourcecode.swift; path = "String+Extension.swift"; sourceTree = "<group>"; };
		F69C97ED2C2F30E90039E698 /* CardView.swift */ = {isa = PBXFileReference; lastKnownFileType = sourcecode.swift; path = CardView.swift; sourceTree = "<group>"; };
		F69C97EF2C2F31630039E698 /* QuickGlanceView.swift */ = {isa = PBXFileReference; lastKnownFileType = sourcecode.swift; path = QuickGlanceView.swift; sourceTree = "<group>"; };
		F69C97FA2C2F471C0039E698 /* AtmosphereDetailsView.swift */ = {isa = PBXFileReference; lastKnownFileType = sourcecode.swift; path = AtmosphereDetailsView.swift; sourceTree = "<group>"; };
		F69C97FC2C2F476C0039E698 /* ListView.swift */ = {isa = PBXFileReference; lastKnownFileType = sourcecode.swift; path = ListView.swift; sourceTree = "<group>"; };
		F69C97FE2C2F4AEB0039E698 /* Info.plist */ = {isa = PBXFileReference; lastKnownFileType = text.plist; path = Info.plist; sourceTree = "<group>"; };
/* End PBXFileReference section */

/* Begin PBXFrameworksBuildPhase section */
		F69C97AF2C2DB6EB0039E698 /* Frameworks */ = {
			isa = PBXFrameworksBuildPhase;
			buildActionMask = 2147483647;
			files = (
				F69C97F32C2F3EF00039E698 /* SVProgressHUD in Frameworks */,
				F69C98072C2F537D0039E698 /* Alamofire in Frameworks */,
			);
			runOnlyForDeploymentPostprocessing = 0;
		};
/* End PBXFrameworksBuildPhase section */

/* Begin PBXGroup section */
		F69C97A92C2DB6EB0039E698 = {
			isa = PBXGroup;
			children = (
				F69C97B42C2DB6EB0039E698 /* Weather */,
				F69C97B32C2DB6EB0039E698 /* Products */,
			);
			sourceTree = "<group>";
		};
		F69C97B32C2DB6EB0039E698 /* Products */ = {
			isa = PBXGroup;
			children = (
				F69C97B22C2DB6EB0039E698 /* Weather.app */,
			);
			name = Products;
			sourceTree = "<group>";
		};
		F69C97B42C2DB6EB0039E698 /* Weather */ = {
			isa = PBXGroup;
			children = (
				F69C97FE2C2F4AEB0039E698 /* Info.plist */,
				F69C97C82C2DBB680039E698 /* Manager */,
				F69C97FF2C2F50ED0039E698 /* Extensions */,
				F69C97CC2C2DBB830039E698 /* Utilities */,
				F69C97D12C2DCFA40039E698 /* Data */,
				F69C97D62C2DCFC20039E698 /* Repository */,
				F69C97CB2C2DBB7E0039E698 /* Model */,
				F69C97CA2C2DBB770039E698 /* ViewModel */,
				F69C97C92C2DBB720039E698 /* View */,
				F69C97B52C2DB6EB0039E698 /* WeatherApp.swift */,
				F69C97B92C2DB6EF0039E698 /* Assets.xcassets */,
				F69C97BB2C2DB6EF0039E698 /* Preview Content */,
			);
			path = Weather;
			sourceTree = "<group>";
		};
		F69C97BB2C2DB6EF0039E698 /* Preview Content */ = {
			isa = PBXGroup;
			children = (
				F69C97BC2C2DB6EF0039E698 /* Preview Assets.xcassets */,
			);
			path = "Preview Content";
			sourceTree = "<group>";
		};
		F69C97C82C2DBB680039E698 /* Manager */ = {
			isa = PBXGroup;
			children = (
				F69C97DB2C2DCFEE0039E698 /* RequestManager.swift */,
			);
			path = Manager;
			sourceTree = "<group>";
		};
		F69C97C92C2DBB720039E698 /* View */ = {
			isa = PBXGroup;
			children = (
				F69C97B72C2DB6EB0039E698 /* HomeView.swift */,
				F69C97ED2C2F30E90039E698 /* CardView.swift */,
				F69C97E32C2ECAA80039E698 /* WeatherFeatureView.swift */,
				F69C97EF2C2F31630039E698 /* QuickGlanceView.swift */,
				F69C97FA2C2F471C0039E698 /* AtmosphereDetailsView.swift */,
				F69C97FC2C2F476C0039E698 /* ListView.swift */,
			);
			path = View;
			sourceTree = "<group>";
		};
		F69C97CA2C2DBB770039E698 /* ViewModel */ = {
			isa = PBXGroup;
			children = (
				F69C97DD2C2E26580039E698 /* WeatherViewModel.swift */,
			);
			path = ViewModel;
			sourceTree = "<group>";
		};
		F69C97CB2C2DBB7E0039E698 /* Model */ = {
			isa = PBXGroup;
			children = (
				F69C97CF2C2DC6C80039E698 /* CurrentWeatherModel.swift */,
				F69C97DF2C2E275F0039E698 /* LocationModel.swift */,
				F69C97E52C2ED84E0039E698 /* WeatherBaseModel.swift */,
			);
			path = Model;
			sourceTree = "<group>";
		};
		F69C97CC2C2DBB830039E698 /* Utilities */ = {
			isa = PBXGroup;
			children = (
				F69C97CD2C2DBB930039E698 /* AppConstants.swift */,
				F69C97E72C2EE7AC0039E698 /* AppUtility.swift */,
				F69C97E92C2F024D0039E698 /* AppState.swift */,
			);
			path = Utilities;
			sourceTree = "<group>";
		};
		F69C97D12C2DCFA40039E698 /* Data */ = {
			isa = PBXGroup;
			children = (
				F69C97D22C2DCFB30039E698 /* WeatherDataSourceProtocol.swift */,
				F69C97D42C2DCFBC0039E698 /* WeatherDataSource.swift */,
			);
			path = Data;
			sourceTree = "<group>";
		};
		F69C97D62C2DCFC20039E698 /* Repository */ = {
			isa = PBXGroup;
			children = (
				F69C97D72C2DCFD00039E698 /* WeatherRepositoryProtocol.swift */,
				F69C97D92C2DCFDA0039E698 /* WeatherRepository.swift */,
			);
			path = Repository;
			sourceTree = "<group>";
		};
		F69C97FF2C2F50ED0039E698 /* Extensions */ = {
			isa = PBXGroup;
			children = (
				F69C97EB2C2F30C10039E698 /* String+Extension.swift */,
				F69C97E12C2EC96C0039E698 /* Color+Extension.swift */,
			);
			path = Extensions;
			sourceTree = "<group>";
		};
/* End PBXGroup section */

/* Begin PBXNativeTarget section */
		F69C97B12C2DB6EB0039E698 /* Weather */ = {
			isa = PBXNativeTarget;
			buildConfigurationList = F69C97C02C2DB6EF0039E698 /* Build configuration list for PBXNativeTarget "Weather" */;
			buildPhases = (
				F69C97AE2C2DB6EB0039E698 /* Sources */,
				F69C97AF2C2DB6EB0039E698 /* Frameworks */,
				F69C97B02C2DB6EB0039E698 /* Resources */,
			);
			buildRules = (
			);
			dependencies = (
			);
			name = Weather;
			packageProductDependencies = (
				F69C97F22C2F3EF00039E698 /* SVProgressHUD */,
				F69C98062C2F537D0039E698 /* Alamofire */,
			);
			productName = Weather;
			productReference = F69C97B22C2DB6EB0039E698 /* Weather.app */;
			productType = "com.apple.product-type.application";
		};
/* End PBXNativeTarget section */

/* Begin PBXProject section */
		F69C97AA2C2DB6EB0039E698 /* Project object */ = {
			isa = PBXProject;
			attributes = {
				BuildIndependentTargetsInParallel = 1;
				LastSwiftUpdateCheck = 1530;
				LastUpgradeCheck = 1530;
				TargetAttributes = {
					F69C97B12C2DB6EB0039E698 = {
						CreatedOnToolsVersion = 15.3;
					};
				};
			};
			buildConfigurationList = F69C97AD2C2DB6EB0039E698 /* Build configuration list for PBXProject "Weather" */;
			compatibilityVersion = "Xcode 14.0";
			developmentRegion = en;
			hasScannedForEncodings = 0;
			knownRegions = (
				en,
				Base,
			);
			mainGroup = F69C97A92C2DB6EB0039E698;
			packageReferences = (
				F69C97F12C2F3EF00039E698 /* XCRemoteSwiftPackageReference "SVProgressHUD" */,
				F69C98052C2F537D0039E698 /* XCRemoteSwiftPackageReference "Alamofire" */,
			);
			productRefGroup = F69C97B32C2DB6EB0039E698 /* Products */;
			projectDirPath = "";
			projectRoot = "";
			targets = (
				F69C97B12C2DB6EB0039E698 /* Weather */,
			);
		};
/* End PBXProject section */

/* Begin PBXResourcesBuildPhase section */
		F69C97B02C2DB6EB0039E698 /* Resources */ = {
			isa = PBXResourcesBuildPhase;
			buildActionMask = 2147483647;
			files = (
				F69C97BD2C2DB6EF0039E698 /* Preview Assets.xcassets in Resources */,
				F69C97BA2C2DB6EF0039E698 /* Assets.xcassets in Resources */,
			);
			runOnlyForDeploymentPostprocessing = 0;
		};
/* End PBXResourcesBuildPhase section */

/* Begin PBXSourcesBuildPhase section */
		F69C97AE2C2DB6EB0039E698 /* Sources */ = {
			isa = PBXSourcesBuildPhase;
			buildActionMask = 2147483647;
			files = (
				F69C97B82C2DB6EB0039E698 /* HomeView.swift in Sources */,
				F69C97E62C2ED84E0039E698 /* WeatherBaseModel.swift in Sources */,
				F69C97E82C2EE7AC0039E698 /* AppUtility.swift in Sources */,
				F69C97CE2C2DBB930039E698 /* AppConstants.swift in Sources */,
				F69C97DA2C2DCFDA0039E698 /* WeatherRepository.swift in Sources */,
				F69C97D82C2DCFD00039E698 /* WeatherRepositoryProtocol.swift in Sources */,
				F69C97D32C2DCFB30039E698 /* WeatherDataSourceProtocol.swift in Sources */,
				F69C97E02C2E275F0039E698 /* LocationModel.swift in Sources */,
				F69C97FD2C2F476C0039E698 /* ListView.swift in Sources */,
				F69C97F02C2F31630039E698 /* QuickGlanceView.swift in Sources */,
				F69C97EC2C2F30C10039E698 /* String+Extension.swift in Sources */,
				F69C97DE2C2E26580039E698 /* WeatherViewModel.swift in Sources */,
				F69C97EE2C2F30E90039E698 /* CardView.swift in Sources */,
				F69C97FB2C2F471C0039E698 /* AtmosphereDetailsView.swift in Sources */,
				F69C97E22C2EC96D0039E698 /* Color+Extension.swift in Sources */,
				F69C97D02C2DC6C80039E698 /* CurrentWeatherModel.swift in Sources */,
				F69C97EA2C2F024E0039E698 /* AppState.swift in Sources */,
				F69C97DC2C2DCFEE0039E698 /* RequestManager.swift in Sources */,
				F69C97B62C2DB6EB0039E698 /* WeatherApp.swift in Sources */,
				F69C97D52C2DCFBC0039E698 /* WeatherDataSource.swift in Sources */,
				F69C97E42C2ECAA80039E698 /* WeatherFeatureView.swift in Sources */,
			);
			runOnlyForDeploymentPostprocessing = 0;
		};
/* End PBXSourcesBuildPhase section */

/* Begin XCBuildConfiguration section */
		F69C97BE2C2DB6EF0039E698 /* Debug */ = {
			isa = XCBuildConfiguration;
			buildSettings = {
				ALWAYS_SEARCH_USER_PATHS = NO;
				ASSETCATALOG_COMPILER_GENERATE_SWIFT_ASSET_SYMBOL_EXTENSIONS = YES;
				CLANG_ANALYZER_NONNULL = YES;
				CLANG_ANALYZER_NUMBER_OBJECT_CONVERSION = YES_AGGRESSIVE;
				CLANG_CXX_LANGUAGE_STANDARD = "gnu++20";
				CLANG_ENABLE_MODULES = YES;
				CLANG_ENABLE_OBJC_ARC = YES;
				CLANG_ENABLE_OBJC_WEAK = YES;
				CLANG_WARN_BLOCK_CAPTURE_AUTORELEASING = YES;
				CLANG_WARN_BOOL_CONVERSION = YES;
				CLANG_WARN_COMMA = YES;
				CLANG_WARN_CONSTANT_CONVERSION = YES;
				CLANG_WARN_DEPRECATED_OBJC_IMPLEMENTATIONS = YES;
				CLANG_WARN_DIRECT_OBJC_ISA_USAGE = YES_ERROR;
				CLANG_WARN_DOCUMENTATION_COMMENTS = YES;
				CLANG_WARN_EMPTY_BODY = YES;
				CLANG_WARN_ENUM_CONVERSION = YES;
				CLANG_WARN_INFINITE_RECURSION = YES;
				CLANG_WARN_INT_CONVERSION = YES;
				CLANG_WARN_NON_LITERAL_NULL_CONVERSION = YES;
				CLANG_WARN_OBJC_IMPLICIT_RETAIN_SELF = YES;
				CLANG_WARN_OBJC_LITERAL_CONVERSION = YES;
				CLANG_WARN_OBJC_ROOT_CLASS = YES_ERROR;
				CLANG_WARN_QUOTED_INCLUDE_IN_FRAMEWORK_HEADER = YES;
				CLANG_WARN_RANGE_LOOP_ANALYSIS = YES;
				CLANG_WARN_STRICT_PROTOTYPES = YES;
				CLANG_WARN_SUSPICIOUS_MOVE = YES;
				CLANG_WARN_UNGUARDED_AVAILABILITY = YES_AGGRESSIVE;
				CLANG_WARN_UNREACHABLE_CODE = YES;
				CLANG_WARN__DUPLICATE_METHOD_MATCH = YES;
				COPY_PHASE_STRIP = NO;
				DEBUG_INFORMATION_FORMAT = dwarf;
				ENABLE_STRICT_OBJC_MSGSEND = YES;
				ENABLE_TESTABILITY = YES;
				ENABLE_USER_SCRIPT_SANDBOXING = YES;
				GCC_C_LANGUAGE_STANDARD = gnu17;
				GCC_DYNAMIC_NO_PIC = NO;
				GCC_NO_COMMON_BLOCKS = YES;
				GCC_OPTIMIZATION_LEVEL = 0;
				GCC_PREPROCESSOR_DEFINITIONS = (
					"DEBUG=1",
					"$(inherited)",
				);
				GCC_WARN_64_TO_32_BIT_CONVERSION = YES;
				GCC_WARN_ABOUT_RETURN_TYPE = YES_ERROR;
				GCC_WARN_UNDECLARED_SELECTOR = YES;
				GCC_WARN_UNINITIALIZED_AUTOS = YES_AGGRESSIVE;
				GCC_WARN_UNUSED_FUNCTION = YES;
				GCC_WARN_UNUSED_VARIABLE = YES;
				IPHONEOS_DEPLOYMENT_TARGET = 17.0;
				LOCALIZATION_PREFERS_STRING_CATALOGS = YES;
				MTL_ENABLE_DEBUG_INFO = INCLUDE_SOURCE;
				MTL_FAST_MATH = YES;
				ONLY_ACTIVE_ARCH = YES;
				SDKROOT = iphoneos;
				SWIFT_ACTIVE_COMPILATION_CONDITIONS = "DEBUG $(inherited)";
				SWIFT_OPTIMIZATION_LEVEL = "-Onone";
			};
			name = Debug;
		};
		F69C97BF2C2DB6EF0039E698 /* Release */ = {
			isa = XCBuildConfiguration;
			buildSettings = {
				ALWAYS_SEARCH_USER_PATHS = NO;
				ASSETCATALOG_COMPILER_GENERATE_SWIFT_ASSET_SYMBOL_EXTENSIONS = YES;
				CLANG_ANALYZER_NONNULL = YES;
				CLANG_ANALYZER_NUMBER_OBJECT_CONVERSION = YES_AGGRESSIVE;
				CLANG_CXX_LANGUAGE_STANDARD = "gnu++20";
				CLANG_ENABLE_MODULES = YES;
				CLANG_ENABLE_OBJC_ARC = YES;
				CLANG_ENABLE_OBJC_WEAK = YES;
				CLANG_WARN_BLOCK_CAPTURE_AUTORELEASING = YES;
				CLANG_WARN_BOOL_CONVERSION = YES;
				CLANG_WARN_COMMA = YES;
				CLANG_WARN_CONSTANT_CONVERSION = YES;
				CLANG_WARN_DEPRECATED_OBJC_IMPLEMENTATIONS = YES;
				CLANG_WARN_DIRECT_OBJC_ISA_USAGE = YES_ERROR;
				CLANG_WARN_DOCUMENTATION_COMMENTS = YES;
				CLANG_WARN_EMPTY_BODY = YES;
				CLANG_WARN_ENUM_CONVERSION = YES;
				CLANG_WARN_INFINITE_RECURSION = YES;
				CLANG_WARN_INT_CONVERSION = YES;
				CLANG_WARN_NON_LITERAL_NULL_CONVERSION = YES;
				CLANG_WARN_OBJC_IMPLICIT_RETAIN_SELF = YES;
				CLANG_WARN_OBJC_LITERAL_CONVERSION = YES;
				CLANG_WARN_OBJC_ROOT_CLASS = YES_ERROR;
				CLANG_WARN_QUOTED_INCLUDE_IN_FRAMEWORK_HEADER = YES;
				CLANG_WARN_RANGE_LOOP_ANALYSIS = YES;
				CLANG_WARN_STRICT_PROTOTYPES = YES;
				CLANG_WARN_SUSPICIOUS_MOVE = YES;
				CLANG_WARN_UNGUARDED_AVAILABILITY = YES_AGGRESSIVE;
				CLANG_WARN_UNREACHABLE_CODE = YES;
				CLANG_WARN__DUPLICATE_METHOD_MATCH = YES;
				COPY_PHASE_STRIP = NO;
				DEBUG_INFORMATION_FORMAT = "dwarf-with-dsym";
				ENABLE_NS_ASSERTIONS = NO;
				ENABLE_STRICT_OBJC_MSGSEND = YES;
				ENABLE_USER_SCRIPT_SANDBOXING = YES;
				GCC_C_LANGUAGE_STANDARD = gnu17;
				GCC_NO_COMMON_BLOCKS = YES;
				GCC_WARN_64_TO_32_BIT_CONVERSION = YES;
				GCC_WARN_ABOUT_RETURN_TYPE = YES_ERROR;
				GCC_WARN_UNDECLARED_SELECTOR = YES;
				GCC_WARN_UNINITIALIZED_AUTOS = YES_AGGRESSIVE;
				GCC_WARN_UNUSED_FUNCTION = YES;
				GCC_WARN_UNUSED_VARIABLE = YES;
				IPHONEOS_DEPLOYMENT_TARGET = 17.0;
				LOCALIZATION_PREFERS_STRING_CATALOGS = YES;
				MTL_ENABLE_DEBUG_INFO = NO;
				MTL_FAST_MATH = YES;
				SDKROOT = iphoneos;
				SWIFT_COMPILATION_MODE = wholemodule;
				VALIDATE_PRODUCT = YES;
			};
			name = Release;
		};
		F69C97C12C2DB6EF0039E698 /* Debug */ = {
			isa = XCBuildConfiguration;
			buildSettings = {
				ASSETCATALOG_COMPILER_APPICON_NAME = AppIcon;
				ASSETCATALOG_COMPILER_GLOBAL_ACCENT_COLOR_NAME = AccentColor;
				CODE_SIGN_STYLE = Automatic;
				CURRENT_PROJECT_VERSION = 1;
				DEVELOPMENT_ASSET_PATHS = "\"Weather/Preview Content\"";
				DEVELOPMENT_TEAM = 8SAYW32F7F;
				ENABLE_PREVIEWS = YES;
				GENERATE_INFOPLIST_FILE = YES;
				INFOPLIST_FILE = Weather/Info.plist;
				INFOPLIST_KEY_UIApplicationSceneManifest_Generation = YES;
				INFOPLIST_KEY_UIApplicationSupportsIndirectInputEvents = YES;
				INFOPLIST_KEY_UILaunchScreen_Generation = YES;
				INFOPLIST_KEY_UISupportedInterfaceOrientations_iPad = "UIInterfaceOrientationPortrait UIInterfaceOrientationPortraitUpsideDown UIInterfaceOrientationLandscapeLeft UIInterfaceOrientationLandscapeRight";
				INFOPLIST_KEY_UISupportedInterfaceOrientations_iPhone = "UIInterfaceOrientationPortrait UIInterfaceOrientationLandscapeLeft UIInterfaceOrientationLandscapeRight";
				LD_RUNPATH_SEARCH_PATHS = (
					"$(inherited)",
					"@executable_path/Frameworks",
				);
				MARKETING_VERSION = 1.0;
				PRODUCT_BUNDLE_IDENTIFIER = com.mohtasimabrar.Weather;
				PRODUCT_NAME = "$(TARGET_NAME)";
				SWIFT_EMIT_LOC_STRINGS = YES;
				SWIFT_VERSION = 5.0;
				TARGETED_DEVICE_FAMILY = "1,2";
			};
			name = Debug;
		};
		F69C97C22C2DB6EF0039E698 /* Release */ = {
			isa = XCBuildConfiguration;
			buildSettings = {
				ASSETCATALOG_COMPILER_APPICON_NAME = AppIcon;
				ASSETCATALOG_COMPILER_GLOBAL_ACCENT_COLOR_NAME = AccentColor;
				CODE_SIGN_STYLE = Automatic;
				CURRENT_PROJECT_VERSION = 1;
				DEVELOPMENT_ASSET_PATHS = "\"Weather/Preview Content\"";
				DEVELOPMENT_TEAM = 8SAYW32F7F;
				ENABLE_PREVIEWS = YES;
				GENERATE_INFOPLIST_FILE = YES;
				INFOPLIST_FILE = Weather/Info.plist;
				INFOPLIST_KEY_UIApplicationSceneManifest_Generation = YES;
				INFOPLIST_KEY_UIApplicationSupportsIndirectInputEvents = YES;
				INFOPLIST_KEY_UILaunchScreen_Generation = YES;
				INFOPLIST_KEY_UISupportedInterfaceOrientations_iPad = "UIInterfaceOrientationPortrait UIInterfaceOrientationPortraitUpsideDown UIInterfaceOrientationLandscapeLeft UIInterfaceOrientationLandscapeRight";
				INFOPLIST_KEY_UISupportedInterfaceOrientations_iPhone = "UIInterfaceOrientationPortrait UIInterfaceOrientationLandscapeLeft UIInterfaceOrientationLandscapeRight";
				LD_RUNPATH_SEARCH_PATHS = (
					"$(inherited)",
					"@executable_path/Frameworks",
				);
				MARKETING_VERSION = 1.0;
				PRODUCT_BUNDLE_IDENTIFIER = com.mohtasimabrar.Weather;
				PRODUCT_NAME = "$(TARGET_NAME)";
				SWIFT_EMIT_LOC_STRINGS = YES;
				SWIFT_VERSION = 5.0;
				TARGETED_DEVICE_FAMILY = "1,2";
			};
			name = Release;
		};
/* End XCBuildConfiguration section */

/* Begin XCConfigurationList section */
		F69C97AD2C2DB6EB0039E698 /* Build configuration list for PBXProject "Weather" */ = {
			isa = XCConfigurationList;
			buildConfigurations = (
				F69C97BE2C2DB6EF0039E698 /* Debug */,
				F69C97BF2C2DB6EF0039E698 /* Release */,
			);
			defaultConfigurationIsVisible = 0;
			defaultConfigurationName = Release;
		};
		F69C97C02C2DB6EF0039E698 /* Build configuration list for PBXNativeTarget "Weather" */ = {
			isa = XCConfigurationList;
			buildConfigurations = (
				F69C97C12C2DB6EF0039E698 /* Debug */,
				F69C97C22C2DB6EF0039E698 /* Release */,
			);
			defaultConfigurationIsVisible = 0;
			defaultConfigurationName = Release;
		};
/* End XCConfigurationList section */

/* Begin XCRemoteSwiftPackageReference section */
		F69C97F12C2F3EF00039E698 /* XCRemoteSwiftPackageReference "SVProgressHUD" */ = {
			isa = XCRemoteSwiftPackageReference;
			repositoryURL = "https://github.com/SVProgressHUD/SVProgressHUD.git";
			requirement = {
				kind = upToNextMajorVersion;
				minimumVersion = 2.3.1;
			};
		};
		F69C98052C2F537D0039E698 /* XCRemoteSwiftPackageReference "Alamofire" */ = {
			isa = XCRemoteSwiftPackageReference;
			repositoryURL = "https://github.com/Alamofire/Alamofire.git";
			requirement = {
				kind = exactVersion;
				version = 5.8.1;
			};
		};
/* End XCRemoteSwiftPackageReference section */

/* Begin XCSwiftPackageProductDependency section */
		F69C97F22C2F3EF00039E698 /* SVProgressHUD */ = {
			isa = XCSwiftPackageProductDependency;
			package = F69C97F12C2F3EF00039E698 /* XCRemoteSwiftPackageReference "SVProgressHUD" */;
			productName = SVProgressHUD;
		};
		F69C98062C2F537D0039E698 /* Alamofire */ = {
			isa = XCSwiftPackageProductDependency;
			package = F69C98052C2F537D0039E698 /* XCRemoteSwiftPackageReference "Alamofire" */;
			productName = Alamofire;
		};
/* End XCSwiftPackageProductDependency section */
	};
	rootObject = F69C97AA2C2DB6EB0039E698 /* Project object */;
}
